
Microsoft Visual Studio Solution File, Format Version 12.00
# Visual Studio Version 17
VisualStudioVersion = 17.0.31903.59
MinimumVisualStudioVersion = 10.0.40219.1
Project("{2150E333-8FDC-42A3-9474-1A3956D46DE8}") = "Api", "Api", "{D82C56D6-B2CD-F611-9E31-04638F7EC30E}"
EndProject
Project("{FAE04EC0-301F-11D3-BF4B-00C04F79EFBC}") = "Minimal-Api", "Api\Minimal-Api.csproj", "{53DD474F-F403-4831-B41C-387DD5C1355A}"
EndProject
Project("{FAE04EC0-301F-11D3-BF4B-00C04F79EFBC}") = "Test", "Test\Test.csproj", "{9ACB0842-0F69-41B1-BA8C-A7CCD2623C32}"
EndProject
Global
	GlobalSection(SolutionConfigurationPlatforms) = preSolution
		Debug|Any CPU = Debug|Any CPU
		Debug|x64 = Debug|x64
		Debug|x86 = Debug|x86
		Release|Any CPU = Release|Any CPU
		Release|x64 = Release|x64
		Release|x86 = Release|x86
	EndGlobalSection
	GlobalSection(ProjectConfigurationPlatforms) = postSolution
		{53DD474F-F403-4831-B41C-387DD5C1355A}.Debug|Any CPU.ActiveCfg = Debug|Any CPU
		{53DD474F-F403-4831-B41C-387DD5C1355A}.Debug|Any CPU.Build.0 = Debug|Any CPU
		{53DD474F-F403-4831-B41C-387DD5C1355A}.Debug|x64.ActiveCfg = Debug|Any CPU
		{53DD474F-F403-4831-B41C-387DD5C1355A}.Debug|x64.Build.0 = Debug|Any CPU
		{53DD474F-F403-4831-B41C-387DD5C1355A}.Debug|x86.ActiveCfg = Debug|Any CPU
		{53DD474F-F403-4831-B41C-387DD5C1355A}.Debug|x86.Build.0 = Debug|Any CPU
		{53DD474F-F403-4831-B41C-387DD5C1355A}.Release|Any CPU.ActiveCfg = Release|Any CPU
		{53DD474F-F403-4831-B41C-387DD5C1355A}.Release|Any CPU.Build.0 = Release|Any CPU
		{53DD474F-F403-4831-B41C-387DD5C1355A}.Release|x64.ActiveCfg = Release|Any CPU
		{53DD474F-F403-4831-B41C-387DD5C1355A}.Release|x64.Build.0 = Release|Any CPU
		{53DD474F-F403-4831-B41C-387DD5C1355A}.Release|x86.ActiveCfg = Release|Any CPU
		{53DD474F-F403-4831-B41C-387DD5C1355A}.Release|x86.Build.0 = Release|Any CPU
		{9ACB0842-0F69-41B1-BA8C-A7CCD2623C32}.Debug|Any CPU.ActiveCfg = Debug|Any CPU
		{9ACB0842-0F69-41B1-BA8C-A7CCD2623C32}.Debug|Any CPU.Build.0 = Debug|Any CPU
		{9ACB0842-0F69-41B1-BA8C-A7CCD2623C32}.Debug|x64.ActiveCfg = Debug|Any CPU
		{9ACB0842-0F69-41B1-BA8C-A7CCD2623C32}.Debug|x64.Build.0 = Debug|Any CPU
		{9ACB0842-0F69-41B1-BA8C-A7CCD2623C32}.Debug|x86.ActiveCfg = Debug|Any CPU
		{9ACB0842-0F69-41B1-BA8C-A7CCD2623C32}.Debug|x86.Build.0 = Debug|Any CPU
		{9ACB0842-0F69-41B1-BA8C-A7CCD2623C32}.Release|Any CPU.ActiveCfg = Release|Any CPU
		{9ACB0842-0F69-41B1-BA8C-A7CCD2623C32}.Release|Any CPU.Build.0 = Release|Any CPU
		{9ACB0842-0F69-41B1-BA8C-A7CCD2623C32}.Release|x64.ActiveCfg = Release|Any CPU
		{9ACB0842-0F69-41B1-BA8C-A7CCD2623C32}.Release|x64.Build.0 = Release|Any CPU
		{9ACB0842-0F69-41B1-BA8C-A7CCD2623C32}.Release|x86.ActiveCfg = Release|Any CPU
		{9ACB0842-0F69-41B1-BA8C-A7CCD2623C32}.Release|x86.Build.0 = Release|Any CPU
	EndGlobalSection
	GlobalSection(SolutionProperties) = preSolution
		HideSolutionNode = FALSE
	EndGlobalSection
	GlobalSection(NestedProjects) = preSolution
		{53DD474F-F403-4831-B41C-387DD5C1355A} = {D82C56D6-B2CD-F611-9E31-04638F7EC30E}
	EndGlobalSection
EndGlobal
